PODS:
  - Alamofire (5.8.1)
  - AppAuth (1.6.2):
    - AppAuth/Core (= 1.6.2)
    - AppAuth/ExternalUserAgent (= 1.6.2)
  - AppAuth/Core (1.6.2)
  - AppAuth/ExternalUserAgent (1.6.2):
    - AppAuth/Core
  - GoogleSignIn (7.0.0):
    - AppAuth (~> 1.5)
    - GTMAppAuth (< 3.0, >= 1.3)
    - GTMSessionFetcher/Core (< 4.0, >= 1.1)
  - GoogleSignInSwiftSupport (7.0.0):
    - GoogleSignIn (~> 7.0)
  - GTMAppAuth (2.0.0):
    - AppAuth/Core (~> 1.6)
    - GTMSessionFetcher/Core (< 4.0, >= 1.5)
  - GTMSessionFetcher/Core (3.2.0)
  - KakaoSDKAuth (2.20.0):
    - KakaoSDKCommon (= 2.20.0)
  - KakaoSDKCommon (2.20.0):
    - KakaoSDKCommon/Common (= 2.20.0)
    - KakaoSDKCommon/Network (= 2.20.0)
  - KakaoSDKCommon/Common (2.20.0)
  - KakaoSDKCommon/Network (2.20.0):
    - Alamofire (~> 5.1)
    - KakaoSDKCommon/Common (= 2.20.0)
  - KakaoSDKUser (2.20.0):
    - KakaoSDKAuth (= 2.20.0)
  - KeychainSwift (20.0.0)
  - Kingfisher (7.11.0)
  - naveridlogin-sdk-ios (4.2.0)

DEPENDENCIES:
  - Alamofire
  - GoogleSignIn
  - GoogleSignInSwiftSupport
  - KakaoSDKAuth
  - KakaoSDKCommon
  - KakaoSDKUser
  - KeychainSwift (~> 20.0)
  - Kingfisher
  - naveridlogin-sdk-ios

SPEC REPOS:
  trunk:
    - Alamofire
    - AppAuth
    - GoogleSignIn
    - GoogleSignInSwiftSupport
    - GTMAppAuth
    - GTMSessionFetcher
    - KakaoSDKAuth
    - KakaoSDKCommon
    - KakaoSDKUser
    - KeychainSwift
    - Kingfisher
    - naveridlogin-sdk-ios

SPEC CHECKSUMS:
  Alamofire: 3ca42e259043ee0dc5c0cdd76c4bc568b8e42af7
  AppAuth: 3bb1d1cd9340bd09f5ed189fb00b1cc28e1e8570
  GoogleSignIn: b232380cf495a429b8095d3178a8d5855b42e842
  GoogleSignInSwiftSupport: 6ca6e5a978faa4cd43451b6b9b38b96ab5db1734
  GTMAppAuth: 99fb010047ba3973b7026e45393f51f27ab965ae
  GTMSessionFetcher: 41b9ef0b4c08a6db4b7eb51a21ae5183ec99a2c8
  KakaoSDKAuth: 02742f4681af6da8c4aa7b0f71df98ca9e7df834
  KakaoSDKCommon: 060a8085733a215a048f9bf9b39a846d1be1daee
  KakaoSDKUser: 0594b37675fb634304da3ecc83830c0ec84ceef5
  KeychainSwift: 0ce6a4d13f7228054d1a71bb1b500448fb2ab837
  Kingfisher: b9c985d864d43515f404f1ef4a8ce7d802ace3ac
  naveridlogin-sdk-ios: 03fa42741249ab10b804f6b2574b56b6d89045ba

PODFILE CHECKSUM: c675d8850c566a9af0fbdbf3a55b4fa79fd6840f

COCOAPODS: 1.14.3
